
Microsoft Visual Studio Solution File, Format Version 12.00
# Visual Studio Version 17
VisualStudioVersion = 17.2.32602.215
MinimumVisualStudioVersion = 10.0.40219.1
Project("{9A19103F-16F7-4668-BE54-9A1E7A4F7556}") = "SecondTask", "WebRssFeeder-MVC\SecondTask.csproj", "{EBB08503-538C-4804-BE96-A37D7879C028}"
EndProject
Global
	GlobalSection(SolutionConfigurationPlatforms) = preSolution
		Debug|Any CPU = Debug|Any CPU
		Release|Any CPU = Release|Any CPU
	EndGlobalSection
	GlobalSection(ProjectConfigurationPlatforms) = postSolution
		{EBB08503-538C-4804-BE96-A37D7879C028}.Debug|Any CPU.ActiveCfg = Debug|Any CPU
		{EBB08503-538C-4804-BE96-A37D7879C028}.Debug|Any CPU.Build.0 = Debug|Any CPU
		{EBB08503-538C-4804-BE96-A37D7879C028}.Release|Any CPU.ActiveCfg = Release|Any CPU
		{EBB08503-538C-4804-BE96-A37D7879C028}.Release|Any CPU.Build.0 = Release|Any CPU
	EndGlobalSection
	GlobalSection(SolutionProperties) = preSolution
		HideSolutionNode = FALSE
	EndGlobalSection
	GlobalSection(ExtensibilityGlobals) = postSolution
		SolutionGuid = {96E68C75-AFFD-4ECD-BF8E-FD8F343401DB}
	EndGlobalSection
EndGlobal
